{
  "version": 4,
  "terraform_version": "1.1.3",
  "serial": 11,
  "lineage": "6a126c85-597e-c6aa-f545-f87ef9ff4797",
  "outputs": {
    "PrivateIP": {
      "value": "172.31.94.242",
      "type": "string"
    },
    "PublicIP": {
      "value": "3.83.143.148",
      "type": "string"
    }
  },
  "resources": [
    {
      "mode": "managed",
      "type": "aws_instance",
      "name": "dover-instance",
      "provider": "provider[\"registry.terraform.io/hashicorp/aws\"]",
      "instances": [
        {
          "schema_version": 1,
          "attributes": {
            "ami": "ami-0affd4508a5d2481b",
            "arn": "arn:aws:ec2:us-east-1:708669996494:instance/i-058ccfcf57fdd60dd",
            "associate_public_ip_address": true,
            "availability_zone": "us-east-1a",
            "capacity_reservation_specification": [
              {
                "capacity_reservation_preference": "open",
                "capacity_reservation_target": []
              }
            ],
            "cpu_core_count": 1,
            "cpu_threads_per_core": 1,
            "credit_specification": [
              {
                "cpu_credits": "standard"
              }
            ],
            "disable_api_termination": false,
            "ebs_block_device": [],
            "ebs_optimized": false,
            "enclave_options": [
              {
                "enabled": false
              }
            ],
            "ephemeral_block_device": [],
            "get_password_data": false,
            "hibernation": false,
            "host_id": null,
            "iam_instance_profile": "",
            "id": "i-058ccfcf57fdd60dd",
            "instance_initiated_shutdown_behavior": "stop",
            "instance_state": "running",
            "instance_type": "t2.micro",
            "ipv6_address_count": 0,
            "ipv6_addresses": [],
            "key_name": "dovekey",
            "launch_template": [],
            "metadata_options": [
              {
                "http_endpoint": "enabled",
                "http_put_response_hop_limit": 1,
                "http_tokens": "optional",
                "instance_metadata_tags": "disabled"
              }
            ],
            "monitoring": false,
            "network_interface": [],
            "outpost_arn": "",
            "password_data": "",
            "placement_group": "",
            "placement_partition_number": null,
            "primary_network_interface_id": "eni-03489855980ab8183",
            "private_dns": "ip-172-31-94-242.ec2.internal",
            "private_ip": "172.31.94.242",
            "public_dns": "ec2-3-83-143-148.compute-1.amazonaws.com",
            "public_ip": "3.83.143.148",
            "root_block_device": [
              {
                "delete_on_termination": false,
                "device_name": "/dev/sda1",
                "encrypted": false,
                "iops": 100,
                "kms_key_id": "",
                "tags": {},
                "throughput": 0,
                "volume_id": "vol-07cdc9e1788118a55",
                "volume_size": 8,
                "volume_type": "gp2"
              }
            ],
            "secondary_private_ips": [],
            "security_groups": [
              "vprofile-backend-sg"
            ],
            "source_dest_check": true,
            "subnet_id": "subnet-0aab900639b147837",
            "tags": {
              "Name": "Another-instance"
            },
            "tags_all": {
              "Name": "Another-instance"
            },
            "tenancy": "default",
            "timeouts": null,
            "user_data": null,
            "user_data_base64": null,
            "volume_tags": null,
            "vpc_security_group_ids": [
              "sg-00a7fdf11efbd18ad"
            ]
          },
          "sensitive_attributes": [],
          "private": "eyJlMmJmYjczMC1lY2FhLTExZTYtOGY4OC0zNDM2M2JjN2M0YzAiOnsiY3JlYXRlIjo2MDAwMDAwMDAwMDAsImRlbGV0ZSI6MTIwMDAwMDAwMDAwMCwidXBkYXRlIjo2MDAwMDAwMDAwMDB9LCJzY2hlbWFfdmVyc2lvbiI6IjEifQ==",
          "dependencies": [
            "aws_key_pair.dove-key"
          ]
        }
      ]
    },
    {
      "mode": "managed",
      "type": "aws_key_pair",
      "name": "dove-key",
      "provider": "provider[\"registry.terraform.io/hashicorp/aws\"]",
      "instances": [
        {
          "schema_version": 1,
          "attributes": {
            "arn": "arn:aws:ec2:us-east-1:708669996494:key-pair/dovekey",
            "fingerprint": "f2:92:f3:64:be:01:92:78:a1:41:41:bc:81:6b:2a:23",
            "id": "dovekey",
            "key_name": "dovekey",
            "key_name_prefix": "",
            "key_pair_id": "key-0ab64577af8c04c60",
            "public_key": "ssh-rsa AAAAB3NzaC1yc2EAAAADAQABAAABAQDrzpme1T7kH1sWkZZWJIiWaAEVVKn2x84QHVzHKCvPfYOo9DJYF/m3urSmaN0ttSVMjrczWk56pmnDHh6wHUUMm75rsCH2NARIK3djBFUb0VvT1AHjyOBvrEbsPXptUZ9XrW8iCpSIxdiNobbRKUWsMSrTuhBM/Nvwi4hvkYLe2h0ulbuKucwsHFqQR9mjLHpEot4e/4jVdPVThcmRZlv6Xe46sXUBoSihGfp1Cd2eL3tokvoczqnErdAaOQO3scEmm/sTYQMBgLdYnMGGmyYqyMXXVEnR5rmcS+cLOXdf5Xgr2xNSBUCYPeATCuZ0c/serTRx7wJ1fK3K9VrPvXYh root@testserver.example.com",
            "tags": null,
            "tags_all": {}
          },
          "sensitive_attributes": [],
          "private": "eyJzY2hlbWFfdmVyc2lvbiI6IjEifQ=="
        }
      ]
    }
  ]
}
